
Microsoft Visual Studio Solution File, Format Version 12.00
# Visual Studio 2013
VisualStudioVersion = 12.0.21005.1
MinimumVisualStudioVersion = 10.0.40219.1
Project("{FAE04EC0-301F-11D3-BF4B-00C04F79EFBC}") = "EvenApp", "EvenApp\EvenApp.csproj", "{3C06464F-4F4F-4709-8068-C30BBE357CDA}"
EndProject
Project("{FAE04EC0-301F-11D3-BF4B-00C04F79EFBC}") = "SmallestMultipleApp", "..\SmallestMultipleApp\SmallestMultipleApp\SmallestMultipleApp.csproj", "{9AE8C2A3-3953-4EDC-93F0-5CBEE32530DE}"
EndProject
Global
	GlobalSection(SolutionConfigurationPlatforms) = preSolution
		Debug|Any CPU = Debug|Any CPU
		Release|Any CPU = Release|Any CPU
	EndGlobalSection
	GlobalSection(ProjectConfigurationPlatforms) = postSolution
		{3C06464F-4F4F-4709-8068-C30BBE357CDA}.Debug|Any CPU.ActiveCfg = Debug|Any CPU
		{3C06464F-4F4F-4709-8068-C30BBE357CDA}.Debug|Any CPU.Build.0 = Debug|Any CPU
		{3C06464F-4F4F-4709-8068-C30BBE357CDA}.Release|Any CPU.ActiveCfg = Release|Any CPU
		{3C06464F-4F4F-4709-8068-C30BBE357CDA}.Release|Any CPU.Build.0 = Release|Any CPU
		{9AE8C2A3-3953-4EDC-93F0-5CBEE32530DE}.Debug|Any CPU.ActiveCfg = Debug|Any CPU
		{9AE8C2A3-3953-4EDC-93F0-5CBEE32530DE}.Debug|Any CPU.Build.0 = Debug|Any CPU
		{9AE8C2A3-3953-4EDC-93F0-5CBEE32530DE}.Release|Any CPU.ActiveCfg = Release|Any CPU
		{9AE8C2A3-3953-4EDC-93F0-5CBEE32530DE}.Release|Any CPU.Build.0 = Release|Any CPU
	EndGlobalSection
	GlobalSection(SolutionProperties) = preSolution
		HideSolutionNode = FALSE
	EndGlobalSection
EndGlobal
